// !$*UTF8*$!
{
	archiveVersion = 1;
	classes = {
	};
	objectVersion = 56;
	objects = {

/* Begin PBXBuildFile section */
		B798CAA7292FE1F8004DAC3C /* NavigationExampleApp.swift in Sources */ = {isa = PBXBuildFile; fileRef = B798CAA6292FE1F8004DAC3C /* NavigationExampleApp.swift */; };
		B798CAAB292FE1FA004DAC3C /* Assets.xcassets in Resources */ = {isa = PBXBuildFile; fileRef = B798CAAA292FE1FA004DAC3C /* Assets.xcassets */; };
		B798CAAE292FE1FA004DAC3C /* Preview Assets.xcassets in Resources */ = {isa = PBXBuildFile; fileRef = B798CAAD292FE1FA004DAC3C /* Preview Assets.xcassets */; };
		B798CAB5292FE2C2004DAC3C /* RootContainerView.swift in Sources */ = {isa = PBXBuildFile; fileRef = B798CAB4292FE2C2004DAC3C /* RootContainerView.swift */; };
		B798CAB7292FE33B004DAC3C /* LoginNavigationContainer.swift in Sources */ = {isa = PBXBuildFile; fileRef = B798CAB6292FE33B004DAC3C /* LoginNavigationContainer.swift */; };
		B798CABB292FE3B3004DAC3C /* TabViewContainer.swift in Sources */ = {isa = PBXBuildFile; fileRef = B798CABA292FE3B3004DAC3C /* TabViewContainer.swift */; };
		B798CABD292FE3F5004DAC3C /* LoginEvent.swift in Sources */ = {isa = PBXBuildFile; fileRef = B798CABC292FE3F5004DAC3C /* LoginEvent.swift */; };
		B798CAC0292FE665004DAC3C /* LoginView.swift in Sources */ = {isa = PBXBuildFile; fileRef = B798CABF292FE665004DAC3C /* LoginView.swift */; };
		B798CAC3292FE8DE004DAC3C /* BlueButton.swift in Sources */ = {isa = PBXBuildFile; fileRef = B798CAC2292FE8DE004DAC3C /* BlueButton.swift */; };
		B798CAC8292FEB5F004DAC3C /* Color+Extension.swift in Sources */ = {isa = PBXBuildFile; fileRef = B798CAC7292FEB5F004DAC3C /* Color+Extension.swift */; };
		B798CACA292FEBEF004DAC3C /* UI+Extension.swift in Sources */ = {isa = PBXBuildFile; fileRef = B798CAC9292FEBEF004DAC3C /* UI+Extension.swift */; };
		B798CACC292FEC9A004DAC3C /* TextFieldCapsule.swift in Sources */ = {isa = PBXBuildFile; fileRef = B798CACB292FEC9A004DAC3C /* TextFieldCapsule.swift */; };
		B798CACF292FED14004DAC3C /* HomeView.swift in Sources */ = {isa = PBXBuildFile; fileRef = B798CACE292FED14004DAC3C /* HomeView.swift */; };
		B798CAD1292FEE56004DAC3C /* OutputEvent.swift in Sources */ = {isa = PBXBuildFile; fileRef = B798CAD0292FEE56004DAC3C /* OutputEvent.swift */; };
		B7DEDDCF293003CC00D9E35F /* FavoriteView.swift in Sources */ = {isa = PBXBuildFile; fileRef = B7DEDDCE293003CC00D9E35F /* FavoriteView.swift */; };
		B7DEDDD22930047D00D9E35F /* ProfileView.swift in Sources */ = {isa = PBXBuildFile; fileRef = B7DEDDD12930047D00D9E35F /* ProfileView.swift */; };
		B7DEDDD4293006C600D9E35F /* DetailsView.swift in Sources */ = {isa = PBXBuildFile; fileRef = B7DEDDD3293006C600D9E35F /* DetailsView.swift */; };
		B7DEDDD62930114300D9E35F /* CreateAccountView.swift in Sources */ = {isa = PBXBuildFile; fileRef = B7DEDDD52930114300D9E35F /* CreateAccountView.swift */; };
		B7DEDDD82930147000D9E35F /* SettingsView.swift in Sources */ = {isa = PBXBuildFile; fileRef = B7DEDDD72930147000D9E35F /* SettingsView.swift */; };
/* End PBXBuildFile section */

/* Begin PBXFileReference section */
		B798CAA3292FE1F8004DAC3C /* NavigationExample.app */ = {isa = PBXFileReference; explicitFileType = wrapper.application; includeInIndex = 0; path = NavigationExample.app; sourceTree = BUILT_PRODUCTS_DIR; };
		B798CAA6292FE1F8004DAC3C /* NavigationExampleApp.swift */ = {isa = PBXFileReference; lastKnownFileType = sourcecode.swift; path = NavigationExampleApp.swift; sourceTree = "<group>"; };
		B798CAAA292FE1FA004DAC3C /* Assets.xcassets */ = {isa = PBXFileReference; lastKnownFileType = folder.assetcatalog; path = Assets.xcassets; sourceTree = "<group>"; };
		B798CAAD292FE1FA004DAC3C /* Preview Assets.xcassets */ = {isa = PBXFileReference; lastKnownFileType = folder.assetcatalog; path = "Preview Assets.xcassets"; sourceTree = "<group>"; };
		B798CAB4292FE2C2004DAC3C /* RootContainerView.swift */ = {isa = PBXFileReference; lastKnownFileType = sourcecode.swift; path = RootContainerView.swift; sourceTree = "<group>"; };
		B798CAB6292FE33B004DAC3C /* LoginNavigationContainer.swift */ = {isa = PBXFileReference; lastKnownFileType = sourcecode.swift; path = LoginNavigationContainer.swift; sourceTree = "<group>"; };
		B798CABA292FE3B3004DAC3C /* TabViewContainer.swift */ = {isa = PBXFileReference; lastKnownFileType = sourcecode.swift; path = TabViewContainer.swift; sourceTree = "<group>"; };
		B798CABC292FE3F5004DAC3C /* LoginEvent.swift */ = {isa = PBXFileReference; lastKnownFileType = sourcecode.swift; path = LoginEvent.swift; sourceTree = "<group>"; };
		B798CABF292FE665004DAC3C /* LoginView.swift */ = {isa = PBXFileReference; lastKnownFileType = sourcecode.swift; path = LoginView.swift; sourceTree = "<group>"; };
		B798CAC2292FE8DE004DAC3C /* BlueButton.swift */ = {isa = PBXFileReference; lastKnownFileType = sourcecode.swift; path = BlueButton.swift; sourceTree = "<group>"; };
		B798CAC7292FEB5F004DAC3C /* Color+Extension.swift */ = {isa = PBXFileReference; lastKnownFileType = sourcecode.swift; path = "Color+Extension.swift"; sourceTree = "<group>"; };
		B798CAC9292FEBEF004DAC3C /* UI+Extension.swift */ = {isa = PBXFileReference; lastKnownFileType = sourcecode.swift; path = "UI+Extension.swift"; sourceTree = "<group>"; };
		B798CACB292FEC9A004DAC3C /* TextFieldCapsule.swift */ = {isa = PBXFileReference; lastKnownFileType = sourcecode.swift; path = TextFieldCapsule.swift; sourceTree = "<group>"; };
		B798CACE292FED14004DAC3C /* HomeView.swift */ = {isa = PBXFileReference; lastKnownFileType = sourcecode.swift; path = HomeView.swift; sourceTree = "<group>"; };
		B798CAD0292FEE56004DAC3C /* OutputEvent.swift */ = {isa = PBXFileReference; lastKnownFileType = sourcecode.swift; path = OutputEvent.swift; sourceTree = "<group>"; };
		B7DEDDCE293003CC00D9E35F /* FavoriteView.swift */ = {isa = PBXFileReference; lastKnownFileType = sourcecode.swift; path = FavoriteView.swift; sourceTree = "<group>"; };
		B7DEDDD12930047D00D9E35F /* ProfileView.swift */ = {isa = PBXFileReference; lastKnownFileType = sourcecode.swift; path = ProfileView.swift; sourceTree = "<group>"; };
		B7DEDDD3293006C600D9E35F /* DetailsView.swift */ = {isa = PBXFileReference; lastKnownFileType = sourcecode.swift; path = DetailsView.swift; sourceTree = "<group>"; };
		B7DEDDD52930114300D9E35F /* CreateAccountView.swift */ = {isa = PBXFileReference; lastKnownFileType = sourcecode.swift; path = CreateAccountView.swift; sourceTree = "<group>"; };
		B7DEDDD72930147000D9E35F /* SettingsView.swift */ = {isa = PBXFileReference; lastKnownFileType = sourcecode.swift; path = SettingsView.swift; sourceTree = "<group>"; };
/* End PBXFileReference section */

/* Begin PBXFrameworksBuildPhase section */
		B798CAA0292FE1F8004DAC3C /* Frameworks */ = {
			isa = PBXFrameworksBuildPhase;
			buildActionMask = 2147483647;
			files = (
			);
			runOnlyForDeploymentPostprocessing = 0;
		};
/* End PBXFrameworksBuildPhase section */

/* Begin PBXGroup section */
		B798CA9A292FE1F8004DAC3C = {
			isa = PBXGroup;
			children = (
				B798CAA5292FE1F8004DAC3C /* NavigationExample */,
				B798CAA4292FE1F8004DAC3C /* Products */,
			);
			sourceTree = "<group>";
		};
		B798CAA4292FE1F8004DAC3C /* Products */ = {
			isa = PBXGroup;
			children = (
				B798CAA3292FE1F8004DAC3C /* NavigationExample.app */,
			);
			name = Products;
			sourceTree = "<group>";
		};
		B798CAA5292FE1F8004DAC3C /* NavigationExample */ = {
			isa = PBXGroup;
			children = (
				B798CAA6292FE1F8004DAC3C /* NavigationExampleApp.swift */,
				B798CAB4292FE2C2004DAC3C /* RootContainerView.swift */,
				B798CAB8292FE35F004DAC3C /* Login */,
				B798CAB9292FE39E004DAC3C /* TabView */,
				B798CAC1292FE8C0004DAC3C /* UIComponents */,
				B798CACD292FECAA004DAC3C /* UI+Extension */,
				B798CAAA292FE1FA004DAC3C /* Assets.xcassets */,
				B798CAAC292FE1FA004DAC3C /* Preview Content */,
			);
			path = NavigationExample;
			sourceTree = "<group>";
		};
		B798CAAC292FE1FA004DAC3C /* Preview Content */ = {
			isa = PBXGroup;
			children = (
				B798CAAD292FE1FA004DAC3C /* Preview Assets.xcassets */,
			);
			path = "Preview Content";
			sourceTree = "<group>";
		};
		B798CAB8292FE35F004DAC3C /* Login */ = {
			isa = PBXGroup;
			children = (
				B798CABE292FE635004DAC3C /* LoginNavigation */,
				B798CABF292FE665004DAC3C /* LoginView.swift */,
				B7DEDDD52930114300D9E35F /* CreateAccountView.swift */,
			);
			path = Login;
			sourceTree = "<group>";
		};
		B798CAB9292FE39E004DAC3C /* TabView */ = {
			isa = PBXGroup;
			children = (
				B798CABA292FE3B3004DAC3C /* TabViewContainer.swift */,
				B798CAD0292FEE56004DAC3C /* OutputEvent.swift */,
				B798CAC4292FEABA004DAC3C /* Home */,
				B798CAD4292FF022004DAC3C /* Favorite */,
				B7DEDDD02930045E00D9E35F /* ProfileView */,
			);
			path = TabView;
			sourceTree = "<group>";
		};
		B798CABE292FE635004DAC3C /* LoginNavigation */ = {
			isa = PBXGroup;
			children = (
				B798CAB6292FE33B004DAC3C /* LoginNavigationContainer.swift */,
				B798CABC292FE3F5004DAC3C /* LoginEvent.swift */,
			);
			path = LoginNavigation;
			sourceTree = "<group>";
		};
		B798CAC1292FE8C0004DAC3C /* UIComponents */ = {
			isa = PBXGroup;
			children = (
				B798CAC2292FE8DE004DAC3C /* BlueButton.swift */,
				B798CACB292FEC9A004DAC3C /* TextFieldCapsule.swift */,
			);
			path = UIComponents;
			sourceTree = "<group>";
		};
		B798CAC4292FEABA004DAC3C /* Home */ = {
			isa = PBXGroup;
			children = (
				B798CACE292FED14004DAC3C /* HomeView.swift */,
				B7DEDDD3293006C600D9E35F /* DetailsView.swift */,
			);
			path = Home;
			sourceTree = "<group>";
		};
		B798CACD292FECAA004DAC3C /* UI+Extension */ = {
			isa = PBXGroup;
			children = (
				B798CAC7292FEB5F004DAC3C /* Color+Extension.swift */,
				B798CAC9292FEBEF004DAC3C /* UI+Extension.swift */,
			);
			path = "UI+Extension";
			sourceTree = "<group>";
		};
		B798CAD4292FF022004DAC3C /* Favorite */ = {
			isa = PBXGroup;
			children = (
				B7DEDDCE293003CC00D9E35F /* FavoriteView.swift */,
			);
			path = Favorite;
			sourceTree = "<group>";
		};
		B7DEDDD02930045E00D9E35F /* ProfileView */ = {
			isa = PBXGroup;
			children = (
				B7DEDDD12930047D00D9E35F /* ProfileView.swift */,
				B7DEDDD72930147000D9E35F /* SettingsView.swift */,
			);
			path = ProfileView;
			sourceTree = "<group>";
		};
/* End PBXGroup section */

/* Begin PBXNativeTarget section */
		B798CAA2292FE1F8004DAC3C /* NavigationExample */ = {
			isa = PBXNativeTarget;
			buildConfigurationList = B798CAB1292FE1FA004DAC3C /* Build configuration list for PBXNativeTarget "NavigationExample" */;
			buildPhases = (
				B798CA9F292FE1F8004DAC3C /* Sources */,
				B798CAA0292FE1F8004DAC3C /* Frameworks */,
				B798CAA1292FE1F8004DAC3C /* Resources */,
			);
			buildRules = (
			);
			dependencies = (
			);
			name = NavigationExample;
			productName = NavigationExample;
			productReference = B798CAA3292FE1F8004DAC3C /* NavigationExample.app */;
			productType = "com.apple.product-type.application";
		};
/* End PBXNativeTarget section */

/* Begin PBXProject section */
		B798CA9B292FE1F8004DAC3C /* Project object */ = {
			isa = PBXProject;
			attributes = {
				BuildIndependentTargetsInParallel = 1;
				LastSwiftUpdateCheck = 1410;
				LastUpgradeCheck = 1410;
				TargetAttributes = {
					B798CAA2292FE1F8004DAC3C = {
						CreatedOnToolsVersion = 14.1;
					};
				};
			};
			buildConfigurationList = B798CA9E292FE1F8004DAC3C /* Build configuration list for PBXProject "NavigationExample" */;
			compatibilityVersion = "Xcode 14.0";
			developmentRegion = en;
			hasScannedForEncodings = 0;
			knownRegions = (
				en,
				Base,
			);
			mainGroup = B798CA9A292FE1F8004DAC3C;
			productRefGroup = B798CAA4292FE1F8004DAC3C /* Products */;
			projectDirPath = "";
			projectRoot = "";
			targets = (
				B798CAA2292FE1F8004DAC3C /* NavigationExample */,
			);
		};
/* End PBXProject section */

/* Begin PBXResourcesBuildPhase section */
		B798CAA1292FE1F8004DAC3C /* Resources */ = {
			isa = PBXResourcesBuildPhase;
			buildActionMask = 2147483647;
			files = (
				B798CAAE292FE1FA004DAC3C /* Preview Assets.xcassets in Resources */,
				B798CAAB292FE1FA004DAC3C /* Assets.xcassets in Resources */,
			);
			runOnlyForDeploymentPostprocessing = 0;
		};
/* End PBXResourcesBuildPhase section */

/* Begin PBXSourcesBuildPhase section */
		B798CA9F292FE1F8004DAC3C /* Sources */ = {
			isa = PBXSourcesBuildPhase;
			buildActionMask = 2147483647;
			files = (
				B798CAC3292FE8DE004DAC3C /* BlueButton.swift in Sources */,
				B798CACA292FEBEF004DAC3C /* UI+Extension.swift in Sources */,
				B798CAC0292FE665004DAC3C /* LoginView.swift in Sources */,
				B798CACC292FEC9A004DAC3C /* TextFieldCapsule.swift in Sources */,
				B798CAB5292FE2C2004DAC3C /* RootContainerView.swift in Sources */,
				B7DEDDD82930147000D9E35F /* SettingsView.swift in Sources */,
				B798CACF292FED14004DAC3C /* HomeView.swift in Sources */,
				B798CAB7292FE33B004DAC3C /* LoginNavigationContainer.swift in Sources */,
				B798CABB292FE3B3004DAC3C /* TabViewContainer.swift in Sources */,
				B7DEDDCF293003CC00D9E35F /* FavoriteView.swift in Sources */,
				B798CAA7292FE1F8004DAC3C /* NavigationExampleApp.swift in Sources */,
				B798CABD292FE3F5004DAC3C /* LoginEvent.swift in Sources */,
				B7DEDDD4293006C600D9E35F /* DetailsView.swift in Sources */,
				B798CAC8292FEB5F004DAC3C /* Color+Extension.swift in Sources */,
				B7DEDDD22930047D00D9E35F /* ProfileView.swift in Sources */,
				B7DEDDD62930114300D9E35F /* CreateAccountView.swift in Sources */,
				B798CAD1292FEE56004DAC3C /* OutputEvent.swift in Sources */,
			);
			runOnlyForDeploymentPostprocessing = 0;
		};
/* End PBXSourcesBuildPhase section */

/* Begin XCBuildConfiguration section */
		B798CAAF292FE1FA004DAC3C /* Debug */ = {
			isa = XCBuildConfiguration;
			buildSettings = {
				ALWAYS_SEARCH_USER_PATHS = NO;
				CLANG_ANALYZER_NONNULL = YES;
				CLANG_ANALYZER_NUMBER_OBJECT_CONVERSION = YES_AGGRESSIVE;
				CLANG_CXX_LANGUAGE_STANDARD = "gnu++20";
				CLANG_ENABLE_MODULES = YES;
				CLANG_ENABLE_OBJC_ARC = YES;
				CLANG_ENABLE_OBJC_WEAK = YES;
				CLANG_WARN_BLOCK_CAPTURE_AUTORELEASING = YES;
				CLANG_WARN_BOOL_CONVERSION = YES;
				CLANG_WARN_COMMA = YES;
				CLANG_WARN_CONSTANT_CONVERSION = YES;
				CLANG_WARN_DEPRECATED_OBJC_IMPLEMENTATIONS = YES;
				CLANG_WARN_DIRECT_OBJC_ISA_USAGE = YES_ERROR;
				CLANG_WARN_DOCUMENTATION_COMMENTS = YES;
				CLANG_WARN_EMPTY_BODY = YES;
				CLANG_WARN_ENUM_CONVERSION = YES;
				CLANG_WARN_INFINITE_RECURSION = YES;
				CLANG_WARN_INT_CONVERSION = YES;
				CLANG_WARN_NON_LITERAL_NULL_CONVERSION = YES;
				CLANG_WARN_OBJC_IMPLICIT_RETAIN_SELF = YES;
				CLANG_WARN_OBJC_LITERAL_CONVERSION = YES;
				CLANG_WARN_OBJC_ROOT_CLASS = YES_ERROR;
				CLANG_WARN_QUOTED_INCLUDE_IN_FRAMEWORK_HEADER = YES;
				CLANG_WARN_RANGE_LOOP_ANALYSIS = YES;
				CLANG_WARN_STRICT_PROTOTYPES = YES;
				CLANG_WARN_SUSPICIOUS_MOVE = YES;
				CLANG_WARN_UNGUARDED_AVAILABILITY = YES_AGGRESSIVE;
				CLANG_WARN_UNREACHABLE_CODE = YES;
				CLANG_WARN__DUPLICATE_METHOD_MATCH = YES;
				COPY_PHASE_STRIP = NO;
				DEBUG_INFORMATION_FORMAT = dwarf;
				ENABLE_STRICT_OBJC_MSGSEND = YES;
				ENABLE_TESTABILITY = YES;
				GCC_C_LANGUAGE_STANDARD = gnu11;
				GCC_DYNAMIC_NO_PIC = NO;
				GCC_NO_COMMON_BLOCKS = YES;
				GCC_OPTIMIZATION_LEVEL = 0;
				GCC_PREPROCESSOR_DEFINITIONS = (
					"DEBUG=1",
					"$(inherited)",
				);
				GCC_WARN_64_TO_32_BIT_CONVERSION = YES;
				GCC_WARN_ABOUT_RETURN_TYPE = YES_ERROR;
				GCC_WARN_UNDECLARED_SELECTOR = YES;
				GCC_WARN_UNINITIALIZED_AUTOS = YES_AGGRESSIVE;
				GCC_WARN_UNUSED_FUNCTION = YES;
				GCC_WARN_UNUSED_VARIABLE = YES;
				IPHONEOS_DEPLOYMENT_TARGET = 16.1;
				MTL_ENABLE_DEBUG_INFO = INCLUDE_SOURCE;
				MTL_FAST_MATH = YES;
				ONLY_ACTIVE_ARCH = YES;
				SDKROOT = iphoneos;
				SWIFT_ACTIVE_COMPILATION_CONDITIONS = DEBUG;
				SWIFT_OPTIMIZATION_LEVEL = "-Onone";
			};
			name = Debug;
		};
		B798CAB0292FE1FA004DAC3C /* Release */ = {
			isa = XCBuildConfiguration;
			buildSettings = {
				ALWAYS_SEARCH_USER_PATHS = NO;
				CLANG_ANALYZER_NONNULL = YES;
				CLANG_ANALYZER_NUMBER_OBJECT_CONVERSION = YES_AGGRESSIVE;
				CLANG_CXX_LANGUAGE_STANDARD = "gnu++20";
				CLANG_ENABLE_MODULES = YES;
				CLANG_ENABLE_OBJC_ARC = YES;
				CLANG_ENABLE_OBJC_WEAK = YES;
				CLANG_WARN_BLOCK_CAPTURE_AUTORELEASING = YES;
				CLANG_WARN_BOOL_CONVERSION = YES;
				CLANG_WARN_COMMA = YES;
				CLANG_WARN_CONSTANT_CONVERSION = YES;
				CLANG_WARN_DEPRECATED_OBJC_IMPLEMENTATIONS = YES;
				CLANG_WARN_DIRECT_OBJC_ISA_USAGE = YES_ERROR;
				CLANG_WARN_DOCUMENTATION_COMMENTS = YES;
				CLANG_WARN_EMPTY_BODY = YES;
				CLANG_WARN_ENUM_CONVERSION = YES;
				CLANG_WARN_INFINITE_RECURSION = YES;
				CLANG_WARN_INT_CONVERSION = YES;
				CLANG_WARN_NON_LITERAL_NULL_CONVERSION = YES;
				CLANG_WARN_OBJC_IMPLICIT_RETAIN_SELF = YES;
				CLANG_WARN_OBJC_LITERAL_CONVERSION = YES;
				CLANG_WARN_OBJC_ROOT_CLASS = YES_ERROR;
				CLANG_WARN_QUOTED_INCLUDE_IN_FRAMEWORK_HEADER = YES;
				CLANG_WARN_RANGE_LOOP_ANALYSIS = YES;
				CLANG_WARN_STRICT_PROTOTYPES = YES;
				CLANG_WARN_SUSPICIOUS_MOVE = YES;
				CLANG_WARN_UNGUARDED_AVAILABILITY = YES_AGGRESSIVE;
				CLANG_WARN_UNREACHABLE_CODE = YES;
				CLANG_WARN__DUPLICATE_METHOD_MATCH = YES;
				COPY_PHASE_STRIP = NO;
				DEBUG_INFORMATION_FORMAT = "dwarf-with-dsym";
				ENABLE_NS_ASSERTIONS = NO;
				ENABLE_STRICT_OBJC_MSGSEND = YES;
				GCC_C_LANGUAGE_STANDARD = gnu11;
				GCC_NO_COMMON_BLOCKS = YES;
				GCC_WARN_64_TO_32_BIT_CONVERSION = YES;
				GCC_WARN_ABOUT_RETURN_TYPE = YES_ERROR;
				GCC_WARN_UNDECLARED_SELECTOR = YES;
				GCC_WARN_UNINITIALIZED_AUTOS = YES_AGGRESSIVE;
				GCC_WARN_UNUSED_FUNCTION = YES;
				GCC_WARN_UNUSED_VARIABLE = YES;
				IPHONEOS_DEPLOYMENT_TARGET = 16.1;
				MTL_ENABLE_DEBUG_INFO = NO;
				MTL_FAST_MATH = YES;
				SDKROOT = iphoneos;
				SWIFT_COMPILATION_MODE = wholemodule;
				SWIFT_OPTIMIZATION_LEVEL = "-O";
				VALIDATE_PRODUCT = YES;
			};
			name = Release;
		};
		B798CAB2292FE1FA004DAC3C /* Debug */ = {
			isa = XCBuildConfiguration;
			buildSettings = {
				ASSETCATALOG_COMPILER_APPICON_NAME = AppIcon;
				ASSETCATALOG_COMPILER_GLOBAL_ACCENT_COLOR_NAME = AccentColor;
				CODE_SIGN_STYLE = Automatic;
				CURRENT_PROJECT_VERSION = 1;
				DEVELOPMENT_ASSET_PATHS = "\"NavigationExample/Preview Content\"";
				ENABLE_PREVIEWS = YES;
				GENERATE_INFOPLIST_FILE = YES;
				INFOPLIST_KEY_UIApplicationSceneManifest_Generation = YES;
				INFOPLIST_KEY_UIApplicationSupportsIndirectInputEvents = YES;
				INFOPLIST_KEY_UILaunchScreen_Generation = YES;
				INFOPLIST_KEY_UISupportedInterfaceOrientations_iPad = "UIInterfaceOrientationPortrait UIInterfaceOrientationPortraitUpsideDown UIInterfaceOrientationLandscapeLeft UIInterfaceOrientationLandscapeRight";
				INFOPLIST_KEY_UISupportedInterfaceOrientations_iPhone = "UIInterfaceOrientationPortrait UIInterfaceOrientationLandscapeLeft UIInterfaceOrientationLandscapeRight";
				LD_RUNPATH_SEARCH_PATHS = (
					"$(inherited)",
					"@executable_path/Frameworks",
				);
				MARKETING_VERSION = 1.0;
				PRODUCT_BUNDLE_IDENTIFIER = den.NavigationExample;
				PRODUCT_NAME = "$(TARGET_NAME)";
				SWIFT_EMIT_LOC_STRINGS = YES;
				SWIFT_VERSION = 5.0;
				TARGETED_DEVICE_FAMILY = "1,2";
			};
			name = Debug;
		};
		B798CAB3292FE1FA004DAC3C /* Release */ = {
			isa = XCBuildConfiguration;
			buildSettings = {
				ASSETCATALOG_COMPILER_APPICON_NAME = AppIcon;
				ASSETCATALOG_COMPILER_GLOBAL_ACCENT_COLOR_NAME = AccentColor;
				CODE_SIGN_STYLE = Automatic;
				CURRENT_PROJECT_VERSION = 1;
				DEVELOPMENT_ASSET_PATHS = "\"NavigationExample/Preview Content\"";
				ENABLE_PREVIEWS = YES;
				GENERATE_INFOPLIST_FILE = YES;
				INFOPLIST_KEY_UIApplicationSceneManifest_Generation = YES;
				INFOPLIST_KEY_UIApplicationSupportsIndirectInputEvents = YES;
				INFOPLIST_KEY_UILaunchScreen_Generation = YES;
				INFOPLIST_KEY_UISupportedInterfaceOrientations_iPad = "UIInterfaceOrientationPortrait UIInterfaceOrientationPortraitUpsideDown UIInterfaceOrientationLandscapeLeft UIInterfaceOrientationLandscapeRight";
				INFOPLIST_KEY_UISupportedInterfaceOrientations_iPhone = "UIInterfaceOrientationPortrait UIInterfaceOrientationLandscapeLeft UIInterfaceOrientationLandscapeRight";
				LD_RUNPATH_SEARCH_PATHS = (
					"$(inherited)",
					"@executable_path/Frameworks",
				);
				MARKETING_VERSION = 1.0;
				PRODUCT_BUNDLE_IDENTIFIER = den.NavigationExample;
				PRODUCT_NAME = "$(TARGET_NAME)";
				SWIFT_EMIT_LOC_STRINGS = YES;
				SWIFT_VERSION = 5.0;
				TARGETED_DEVICE_FAMILY = "1,2";
			};
			name = Release;
		};
/* End XCBuildConfiguration section */

/* Begin XCConfigurationList section */
		B798CA9E292FE1F8004DAC3C /* Build configuration list for PBXProject "NavigationExample" */ = {
			isa = XCConfigurationList;
			buildConfigurations = (
				B798CAAF292FE1FA004DAC3C /* Debug */,
				B798CAB0292FE1FA004DAC3C /* Release */,
			);
			defaultConfigurationIsVisible = 0;
			defaultConfigurationName = Release;
		};
		B798CAB1292FE1FA004DAC3C /* Build configuration list for PBXNativeTarget "NavigationExample" */ = {
			isa = XCConfigurationList;
			buildConfigurations = (
				B798CAB2292FE1FA004DAC3C /* Debug */,
				B798CAB3292FE1FA004DAC3C /* Release */,
			);
			defaultConfigurationIsVisible = 0;
			defaultConfigurationName = Release;
		};
/* End XCConfigurationList section */
	};
	rootObject = B798CA9B292FE1F8004DAC3C /* Project object */;
}
